
Microsoft Visual Studio Solution File, Format Version 12.00
# Visual Studio Version 17
VisualStudioVersion = 17.8.34330.188
MinimumVisualStudioVersion = 10.0.40219.1
Project("{FAE04EC0-301F-11D3-BF4B-00C04F79EFBC}") = "Student_JWT", "Student_JWT\Student_JWT.csproj", "{2AE012BB-8960-4B54-8B7C-355C4E537D1F}"
EndProject
Global
	GlobalSection(SolutionConfigurationPlatforms) = preSolution
		Debug|Any CPU = Debug|Any CPU
		Release|Any CPU = Release|Any CPU
	EndGlobalSection
	GlobalSection(ProjectConfigurationPlatforms) = postSolution
		{2AE012BB-8960-4B54-8B7C-355C4E537D1F}.Debug|Any CPU.ActiveCfg = Debug|Any CPU
		{2AE012BB-8960-4B54-8B7C-355C4E537D1F}.Debug|Any CPU.Build.0 = Debug|Any CPU
		{2AE012BB-8960-4B54-8B7C-355C4E537D1F}.Release|Any CPU.ActiveCfg = Release|Any CPU
		{2AE012BB-8960-4B54-8B7C-355C4E537D1F}.Release|Any CPU.Build.0 = Release|Any CPU
	EndGlobalSection
	GlobalSection(SolutionProperties) = preSolution
		HideSolutionNode = FALSE
	EndGlobalSection
	GlobalSection(ExtensibilityGlobals) = postSolution
		SolutionGuid = {026084B0-8770-4977-800A-A9C1396DCC4D}
	EndGlobalSection
EndGlobal
