
Microsoft Visual Studio Solution File, Format Version 12.00
# Visual Studio Version 17
VisualStudioVersion = 17.8.34330.188
MinimumVisualStudioVersion = 10.0.40219.1
Project("{FAE04EC0-301F-11D3-BF4B-00C04F79EFBC}") = "Job_Tracker_Application", "Job_Tracker_Application\Job_Tracker_Application.csproj", "{666275BC-7B77-4A87-A2BC-BCE1E8F08655}"
EndProject
Global
	GlobalSection(SolutionConfigurationPlatforms) = preSolution
		Debug|Any CPU = Debug|Any CPU
		Release|Any CPU = Release|Any CPU
	EndGlobalSection
	GlobalSection(ProjectConfigurationPlatforms) = postSolution
		{666275BC-7B77-4A87-A2BC-BCE1E8F08655}.Debug|Any CPU.ActiveCfg = Debug|Any CPU
		{666275BC-7B77-4A87-A2BC-BCE1E8F08655}.Debug|Any CPU.Build.0 = Debug|Any CPU
		{666275BC-7B77-4A87-A2BC-BCE1E8F08655}.Release|Any CPU.ActiveCfg = Release|Any CPU
		{666275BC-7B77-4A87-A2BC-BCE1E8F08655}.Release|Any CPU.Build.0 = Release|Any CPU
	EndGlobalSection
	GlobalSection(SolutionProperties) = preSolution
		HideSolutionNode = FALSE
	EndGlobalSection
	GlobalSection(ExtensibilityGlobals) = postSolution
		SolutionGuid = {76ADC608-9045-41F1-9183-D8B7562A34FA}
	EndGlobalSection
EndGlobal
