
Microsoft Visual Studio Solution File, Format Version 12.00
# Visual Studio Version 17
VisualStudioVersion = 17.8.34330.188
MinimumVisualStudioVersion = 10.0.40219.1
Project("{9A19103F-16F7-4668-BE54-9A1E7A4F7556}") = "Lms_Project", "Lms_Project\Lms_Project.csproj", "{5BFE7DE2-621E-495C-A9E1-BAEF824F134C}"
EndProject
Project("{2150E333-8FDC-42A3-9474-1A3956D46DE8}") = "Solution Items", "Solution Items", "{F595AF3B-F22E-4CD1-8C99-51CF08850DB2}"
	ProjectSection(SolutionItems) = preProject
		.editorconfig = .editorconfig
	EndProjectSection
EndProject
Global
	GlobalSection(SolutionConfigurationPlatforms) = preSolution
		Debug|Any CPU = Debug|Any CPU
		Release|Any CPU = Release|Any CPU
	EndGlobalSection
	GlobalSection(ProjectConfigurationPlatforms) = postSolution
		{5BFE7DE2-621E-495C-A9E1-BAEF824F134C}.Debug|Any CPU.ActiveCfg = Debug|Any CPU
		{5BFE7DE2-621E-495C-A9E1-BAEF824F134C}.Debug|Any CPU.Build.0 = Debug|Any CPU
		{5BFE7DE2-621E-495C-A9E1-BAEF824F134C}.Release|Any CPU.ActiveCfg = Release|Any CPU
		{5BFE7DE2-621E-495C-A9E1-BAEF824F134C}.Release|Any CPU.Build.0 = Release|Any CPU
	EndGlobalSection
	GlobalSection(SolutionProperties) = preSolution
		HideSolutionNode = FALSE
	EndGlobalSection
	GlobalSection(ExtensibilityGlobals) = postSolution
		SolutionGuid = {9A711FE0-C23F-47D4-8F1C-46E53D09E101}
	EndGlobalSection
EndGlobal
